
Microsoft Visual Studio Solution File, Format Version 12.00
# Visual Studio Version 17
VisualStudioVersion = 17.14.37216.2 d17.14
MinimumVisualStudioVersion = 10.0.40219.1
Project("{FAE04EC0-301F-11D3-BF4B-00C04F79EFBC}") = "LogisticaHospitalaria_Backend", "LogisticaHospitalaria_Backend.csproj", "{8CCBF4B4-605E-41BD-8A26-5EAFE098C911}"
EndProject
Global
	GlobalSection(SolutionConfigurationPlatforms) = preSolution
		Debug|Any CPU = Debug|Any CPU
		Release|Any CPU = Release|Any CPU
	EndGlobalSection
	GlobalSection(ProjectConfigurationPlatforms) = postSolution
		{8CCBF4B4-605E-41BD-8A26-5EAFE098C911}.Debug|Any CPU.ActiveCfg = Debug|Any CPU
		{8CCBF4B4-605E-41BD-8A26-5EAFE098C911}.Debug|Any CPU.Build.0 = Debug|Any CPU
		{8CCBF4B4-605E-41BD-8A26-5EAFE098C911}.Release|Any CPU.ActiveCfg = Release|Any CPU
		{8CCBF4B4-605E-41BD-8A26-5EAFE098C911}.Release|Any CPU.Build.0 = Release|Any CPU
	EndGlobalSection
	GlobalSection(SolutionProperties) = preSolution
		HideSolutionNode = FALSE
	EndGlobalSection
	GlobalSection(ExtensibilityGlobals) = postSolution
		SolutionGuid = {9D748BED-4A93-4CA8-AB1B-873E5B8B47D0}
	EndGlobalSection
EndGlobal
